
Microsoft Visual Studio Solution File, Format Version 11.00
# Visual Studio 2010
Project("{2150E333-8FDC-42A3-9474-1A3956D46DE8}") = "live555SDK", "live555SDK", "{5133FE1D-B7CC-4A60-9521-0C4669DA0CD1}"
EndProject
Project("{8BC9CEB8-8B4A-11D0-8D11-00A0C91BC942}") = "BasicUsageEnvironment", "live555SDK\BasicUsageEnvironment\BasicUsageEnvironment.vcxproj", "{3F133D7A-E571-435E-9F30-68E2C0E661C2}"
EndProject
Project("{8BC9CEB8-8B4A-11D0-8D11-00A0C91BC942}") = "groupsock", "live555SDK\groupsock\groupsock.vcxproj", "{FD0D3506-82EA-4677-BA7B-C6963A1EC989}"
EndProject
Project("{8BC9CEB8-8B4A-11D0-8D11-00A0C91BC942}") = "liveMedia", "live555SDK\liveMedia\liveMedia.vcxproj", "{EF59271A-7ECE-4D5D-AA2B-CF6CFD7545BE}"
EndProject
Project("{8BC9CEB8-8B4A-11D0-8D11-00A0C91BC942}") = "UsageEnvironment", "live555SDK\UsageEnvironment\UsageEnvironment.vcxproj", "{52EF891D-7980-4B59-810C-C92C71C75A9E}"
EndProject
Project("{8BC9CEB8-8B4A-11D0-8D11-00A0C91BC942}") = "live555MediaServer", "live555MediaServer\live555MediaServer.vcxproj", "{82D242DF-CDFA-463E-984E-57808F7FC104}"
EndProject
Project("{8BC9CEB8-8B4A-11D0-8D11-00A0C91BC942}") = "openRTSP", "openRTSP\openRTSP.vcxproj", "{F618C498-E540-469F-8191-542CD122F45A}"
EndProject
Global
	GlobalSection(SolutionConfigurationPlatforms) = preSolution
		Debug|Win32 = Debug|Win32
		Debug|x64 = Debug|x64
		Debug64|Win32 = Debug64|Win32
		Debug64|x64 = Debug64|x64
		Release|Win32 = Release|Win32
		Release|x64 = Release|x64
		Release64|Win32 = Release64|Win32
		Release64|x64 = Release64|x64
	EndGlobalSection
	GlobalSection(ProjectConfigurationPlatforms) = postSolution
		{3F133D7A-E571-435E-9F30-68E2C0E661C2}.Debug|Win32.ActiveCfg = Debug|Win32
		{3F133D7A-E571-435E-9F30-68E2C0E661C2}.Debug|Win32.Build.0 = Debug|Win32
		{3F133D7A-E571-435E-9F30-68E2C0E661C2}.Debug|x64.ActiveCfg = Debug|x64
		{3F133D7A-E571-435E-9F30-68E2C0E661C2}.Debug|x64.Build.0 = Debug|x64
		{3F133D7A-E571-435E-9F30-68E2C0E661C2}.Debug64|Win32.ActiveCfg = Debug64|Win32
		{3F133D7A-E571-435E-9F30-68E2C0E661C2}.Debug64|Win32.Build.0 = Debug64|Win32
		{3F133D7A-E571-435E-9F30-68E2C0E661C2}.Debug64|x64.ActiveCfg = Debug64|x64
		{3F133D7A-E571-435E-9F30-68E2C0E661C2}.Debug64|x64.Build.0 = Debug64|x64
		{3F133D7A-E571-435E-9F30-68E2C0E661C2}.Release|Win32.ActiveCfg = Release|Win32
		{3F133D7A-E571-435E-9F30-68E2C0E661C2}.Release|Win32.Build.0 = Release|Win32
		{3F133D7A-E571-435E-9F30-68E2C0E661C2}.Release|x64.ActiveCfg = Release|x64
		{3F133D7A-E571-435E-9F30-68E2C0E661C2}.Release|x64.Build.0 = Release|x64
		{3F133D7A-E571-435E-9F30-68E2C0E661C2}.Release64|Win32.ActiveCfg = Release64|Win32
		{3F133D7A-E571-435E-9F30-68E2C0E661C2}.Release64|Win32.Build.0 = Release64|Win32
		{3F133D7A-E571-435E-9F30-68E2C0E661C2}.Release64|x64.ActiveCfg = Release64|x64
		{3F133D7A-E571-435E-9F30-68E2C0E661C2}.Release64|x64.Build.0 = Release64|x64
		{FD0D3506-82EA-4677-BA7B-C6963A1EC989}.Debug|Win32.ActiveCfg = Debug|Win32
		{FD0D3506-82EA-4677-BA7B-C6963A1EC989}.Debug|Win32.Build.0 = Debug|Win32
		{FD0D3506-82EA-4677-BA7B-C6963A1EC989}.Debug|x64.ActiveCfg = Debug|x64
		{FD0D3506-82EA-4677-BA7B-C6963A1EC989}.Debug|x64.Build.0 = Debug|x64
		{FD0D3506-82EA-4677-BA7B-C6963A1EC989}.Debug64|Win32.ActiveCfg = Debug64|Win32
		{FD0D3506-82EA-4677-BA7B-C6963A1EC989}.Debug64|Win32.Build.0 = Debug64|Win32
		{FD0D3506-82EA-4677-BA7B-C6963A1EC989}.Debug64|x64.ActiveCfg = Debug64|x64
		{FD0D3506-82EA-4677-BA7B-C6963A1EC989}.Debug64|x64.Build.0 = Debug64|x64
		{FD0D3506-82EA-4677-BA7B-C6963A1EC989}.Release|Win32.ActiveCfg = Release|Win32
		{FD0D3506-82EA-4677-BA7B-C6963A1EC989}.Release|Win32.Build.0 = Release|Win32
		{FD0D3506-82EA-4677-BA7B-C6963A1EC989}.Release|x64.ActiveCfg = Release|x64
		{FD0D3506-82EA-4677-BA7B-C6963A1EC989}.Release|x64.Build.0 = Release|x64
		{FD0D3506-82EA-4677-BA7B-C6963A1EC989}.Release64|Win32.ActiveCfg = Release64|Win32
		{FD0D3506-82EA-4677-BA7B-C6963A1EC989}.Release64|Win32.Build.0 = Release64|Win32
		{FD0D3506-82EA-4677-BA7B-C6963A1EC989}.Release64|x64.ActiveCfg = Release64|x64
		{FD0D3506-82EA-4677-BA7B-C6963A1EC989}.Release64|x64.Build.0 = Release64|x64
		{EF59271A-7ECE-4D5D-AA2B-CF6CFD7545BE}.Debug|Win32.ActiveCfg = Debug|Win32
		{EF59271A-7ECE-4D5D-AA2B-CF6CFD7545BE}.Debug|Win32.Build.0 = Debug|Win32
		{EF59271A-7ECE-4D5D-AA2B-CF6CFD7545BE}.Debug|x64.ActiveCfg = Debug|x64
		{EF59271A-7ECE-4D5D-AA2B-CF6CFD7545BE}.Debug|x64.Build.0 = Debug|x64
		{EF59271A-7ECE-4D5D-AA2B-CF6CFD7545BE}.Debug64|Win32.ActiveCfg = Debug64|Win32
		{EF59271A-7ECE-4D5D-AA2B-CF6CFD7545BE}.Debug64|Win32.Build.0 = Debug64|Win32
		{EF59271A-7ECE-4D5D-AA2B-CF6CFD7545BE}.Debug64|x64.ActiveCfg = Debug64|x64
		{EF59271A-7ECE-4D5D-AA2B-CF6CFD7545BE}.Debug64|x64.Build.0 = Debug64|x64
		{EF59271A-7ECE-4D5D-AA2B-CF6CFD7545BE}.Release|Win32.ActiveCfg = Release|Win32
		{EF59271A-7ECE-4D5D-AA2B-CF6CFD7545BE}.Release|Win32.Build.0 = Release|Win32
		{EF59271A-7ECE-4D5D-AA2B-CF6CFD7545BE}.Release|x64.ActiveCfg = Release|x64
		{EF59271A-7ECE-4D5D-AA2B-CF6CFD7545BE}.Release|x64.Build.0 = Release|x64
		{EF59271A-7ECE-4D5D-AA2B-CF6CFD7545BE}.Release64|Win32.ActiveCfg = Release64|Win32
		{EF59271A-7ECE-4D5D-AA2B-CF6CFD7545BE}.Release64|Win32.Build.0 = Release64|Win32
		{EF59271A-7ECE-4D5D-AA2B-CF6CFD7545BE}.Release64|x64.ActiveCfg = Release64|x64
		{EF59271A-7ECE-4D5D-AA2B-CF6CFD7545BE}.Release64|x64.Build.0 = Release64|x64
		{52EF891D-7980-4B59-810C-C92C71C75A9E}.Debug|Win32.ActiveCfg = Debug|Win32
		{52EF891D-7980-4B59-810C-C92C71C75A9E}.Debug|Win32.Build.0 = Debug|Win32
		{52EF891D-7980-4B59-810C-C92C71C75A9E}.Debug|x64.ActiveCfg = Debug|x64
		{52EF891D-7980-4B59-810C-C92C71C75A9E}.Debug|x64.Build.0 = Debug|x64
		{52EF891D-7980-4B59-810C-C92C71C75A9E}.Debug64|Win32.ActiveCfg = Debug64|Win32
		{52EF891D-7980-4B59-810C-C92C71C75A9E}.Debug64|Win32.Build.0 = Debug64|Win32
		{52EF891D-7980-4B59-810C-C92C71C75A9E}.Debug64|x64.ActiveCfg = Debug64|x64
		{52EF891D-7980-4B59-810C-C92C71C75A9E}.Debug64|x64.Build.0 = Debug64|x64
		{52EF891D-7980-4B59-810C-C92C71C75A9E}.Release|Win32.ActiveCfg = Release|Win32
		{52EF891D-7980-4B59-810C-C92C71C75A9E}.Release|Win32.Build.0 = Release|Win32
		{52EF891D-7980-4B59-810C-C92C71C75A9E}.Release|x64.ActiveCfg = Release|x64
		{52EF891D-7980-4B59-810C-C92C71C75A9E}.Release|x64.Build.0 = Release|x64
		{52EF891D-7980-4B59-810C-C92C71C75A9E}.Release64|Win32.ActiveCfg = Release64|Win32
		{52EF891D-7980-4B59-810C-C92C71C75A9E}.Release64|Win32.Build.0 = Release64|Win32
		{52EF891D-7980-4B59-810C-C92C71C75A9E}.Release64|x64.ActiveCfg = Release64|x64
		{52EF891D-7980-4B59-810C-C92C71C75A9E}.Release64|x64.Build.0 = Release64|x64
		{82D242DF-CDFA-463E-984E-57808F7FC104}.Debug|Win32.ActiveCfg = Debug|Win32
		{82D242DF-CDFA-463E-984E-57808F7FC104}.Debug|Win32.Build.0 = Debug|Win32
		{82D242DF-CDFA-463E-984E-57808F7FC104}.Debug|x64.ActiveCfg = Debug|x64
		{82D242DF-CDFA-463E-984E-57808F7FC104}.Debug|x64.Build.0 = Debug|x64
		{82D242DF-CDFA-463E-984E-57808F7FC104}.Debug64|Win32.ActiveCfg = Debug64|Win32
		{82D242DF-CDFA-463E-984E-57808F7FC104}.Debug64|Win32.Build.0 = Debug64|Win32
		{82D242DF-CDFA-463E-984E-57808F7FC104}.Debug64|x64.ActiveCfg = Debug64|x64
		{82D242DF-CDFA-463E-984E-57808F7FC104}.Debug64|x64.Build.0 = Debug64|x64
		{82D242DF-CDFA-463E-984E-57808F7FC104}.Release|Win32.ActiveCfg = Release|Win32
		{82D242DF-CDFA-463E-984E-57808F7FC104}.Release|Win32.Build.0 = Release|Win32
		{82D242DF-CDFA-463E-984E-57808F7FC104}.Release|x64.ActiveCfg = Release|x64
		{82D242DF-CDFA-463E-984E-57808F7FC104}.Release|x64.Build.0 = Release|x64
		{82D242DF-CDFA-463E-984E-57808F7FC104}.Release64|Win32.ActiveCfg = Release64|Win32
		{82D242DF-CDFA-463E-984E-57808F7FC104}.Release64|Win32.Build.0 = Release64|Win32
		{82D242DF-CDFA-463E-984E-57808F7FC104}.Release64|x64.ActiveCfg = Release64|x64
		{82D242DF-CDFA-463E-984E-57808F7FC104}.Release64|x64.Build.0 = Release64|x64
		{F618C498-E540-469F-8191-542CD122F45A}.Debug|Win32.ActiveCfg = Debug|Win32
		{F618C498-E540-469F-8191-542CD122F45A}.Debug|Win32.Build.0 = Debug|Win32
		{F618C498-E540-469F-8191-542CD122F45A}.Debug|x64.ActiveCfg = Debug|Win32
		{F618C498-E540-469F-8191-542CD122F45A}.Debug64|Win32.ActiveCfg = Debug|Win32
		{F618C498-E540-469F-8191-542CD122F45A}.Debug64|Win32.Build.0 = Debug|Win32
		{F618C498-E540-469F-8191-542CD122F45A}.Debug64|x64.ActiveCfg = Debug64|x64
		{F618C498-E540-469F-8191-542CD122F45A}.Release|Win32.ActiveCfg = Release|Win32
		{F618C498-E540-469F-8191-542CD122F45A}.Release|Win32.Build.0 = Release|Win32
		{F618C498-E540-469F-8191-542CD122F45A}.Release|x64.ActiveCfg = Release|Win32
		{F618C498-E540-469F-8191-542CD122F45A}.Release64|Win32.ActiveCfg = Release|Win32
		{F618C498-E540-469F-8191-542CD122F45A}.Release64|Win32.Build.0 = Release|Win32
		{F618C498-E540-469F-8191-542CD122F45A}.Release64|x64.ActiveCfg = Release64|x64
	EndGlobalSection
	GlobalSection(SolutionProperties) = preSolution
		HideSolutionNode = FALSE
	EndGlobalSection
	GlobalSection(NestedProjects) = preSolution
		{3F133D7A-E571-435E-9F30-68E2C0E661C2} = {5133FE1D-B7CC-4A60-9521-0C4669DA0CD1}
		{FD0D3506-82EA-4677-BA7B-C6963A1EC989} = {5133FE1D-B7CC-4A60-9521-0C4669DA0CD1}
		{EF59271A-7ECE-4D5D-AA2B-CF6CFD7545BE} = {5133FE1D-B7CC-4A60-9521-0C4669DA0CD1}
		{52EF891D-7980-4B59-810C-C92C71C75A9E} = {5133FE1D-B7CC-4A60-9521-0C4669DA0CD1}
	EndGlobalSection
EndGlobal
